
Microsoft Visual Studio Solution File, Format Version 12.00
# Visual Studio 15
VisualStudioVersion = 15.0.28010.2036
MinimumVisualStudioVersion = 10.0.40219.1
Project("{9A19103F-16F7-4668-BE54-9A1E7A4F7556}") = "Company.VendingMachine", "Company.VendingMachine\Company.VendingMachine.csproj", "{6DECC4BA-75F3-4BC1-B599-38391836B6AE}"
EndProject
Project("{FAE04EC0-301F-11D3-BF4B-00C04F79EFBC}") = "Company.VendingMachine.Tests", "Company.VendingMachine.Tests\Company.VendingMachine.Tests.csproj", "{26404287-2490-4B23-8B05-607BE9F2FA9F}"
EndProject
Global
	GlobalSection(SolutionConfigurationPlatforms) = preSolution
		Debug|Any CPU = Debug|Any CPU
		Release|Any CPU = Release|Any CPU
	EndGlobalSection
	GlobalSection(ProjectConfigurationPlatforms) = postSolution
		{6DECC4BA-75F3-4BC1-B599-38391836B6AE}.Debug|Any CPU.ActiveCfg = Debug|Any CPU
		{6DECC4BA-75F3-4BC1-B599-38391836B6AE}.Debug|Any CPU.Build.0 = Debug|Any CPU
		{6DECC4BA-75F3-4BC1-B599-38391836B6AE}.Release|Any CPU.ActiveCfg = Release|Any CPU
		{6DECC4BA-75F3-4BC1-B599-38391836B6AE}.Release|Any CPU.Build.0 = Release|Any CPU
		{26404287-2490-4B23-8B05-607BE9F2FA9F}.Debug|Any CPU.ActiveCfg = Debug|Any CPU
		{26404287-2490-4B23-8B05-607BE9F2FA9F}.Debug|Any CPU.Build.0 = Debug|Any CPU
		{26404287-2490-4B23-8B05-607BE9F2FA9F}.Release|Any CPU.ActiveCfg = Release|Any CPU
		{26404287-2490-4B23-8B05-607BE9F2FA9F}.Release|Any CPU.Build.0 = Release|Any CPU
	EndGlobalSection
	GlobalSection(SolutionProperties) = preSolution
		HideSolutionNode = FALSE
	EndGlobalSection
	GlobalSection(ExtensibilityGlobals) = postSolution
		SolutionGuid = {D071CE23-C9FE-4E53-BB75-2E623838C4B5}
	EndGlobalSection
EndGlobal
